
Microsoft Visual Studio Solution File, Format Version 12.00
# Visual Studio 2013
VisualStudioVersion = 12.0.31101.0
MinimumVisualStudioVersion = 10.0.40219.1
Project("{FAE04EC0-301F-11D3-BF4B-00C04F79EFBC}") = "Framework.Core", "Framework.Core\Framework.Core.csproj", "{76BFE545-4DEA-48D3-A096-7F31528C227B}"
EndProject
Project("{2150E333-8FDC-42A3-9474-1A3956D46DE8}") = ".nuget", ".nuget", "{2A03534A-260E-465F-B11C-799CE7273FDE}"
	ProjectSection(SolutionItems) = preProject
		.nuget\Create-Package.ps1 = .nuget\Create-Package.ps1
		.nuget\NuGet.Config = .nuget\NuGet.Config
		.nuget\NuGet.exe = .nuget\NuGet.exe
		.nuget\NuGet.targets = .nuget\NuGet.targets
		.nuget\Publish-Package.ps1 = .nuget\Publish-Package.ps1
	EndProjectSection
EndProject
Project("{FAE04EC0-301F-11D3-BF4B-00C04F79EFBC}") = "Framework.Controls", "Framework.Controls\Framework.Controls.csproj", "{5CFB81A0-22F9-4B7A-9143-0D1F6A9443B5}"
EndProject
Project("{2150E333-8FDC-42A3-9474-1A3956D46DE8}") = "Test", "Test", "{CB0C5633-9092-4038-AD16-CFA0556C859F}"
EndProject
Project("{FAE04EC0-301F-11D3-BF4B-00C04F79EFBC}") = "EditableTextblockTest", "EditableTextblockTest\EditableTextblockTest.csproj", "{8561875D-493A-4F3A-89D3-DD024AB92171}"
EndProject
Global
	GlobalSection(SolutionConfigurationPlatforms) = preSolution
		Debug|Any CPU = Debug|Any CPU
		Release|Any CPU = Release|Any CPU
	EndGlobalSection
	GlobalSection(ProjectConfigurationPlatforms) = postSolution
		{76BFE545-4DEA-48D3-A096-7F31528C227B}.Debug|Any CPU.ActiveCfg = Debug|Any CPU
		{76BFE545-4DEA-48D3-A096-7F31528C227B}.Debug|Any CPU.Build.0 = Debug|Any CPU
		{76BFE545-4DEA-48D3-A096-7F31528C227B}.Release|Any CPU.ActiveCfg = Release|Any CPU
		{76BFE545-4DEA-48D3-A096-7F31528C227B}.Release|Any CPU.Build.0 = Release|Any CPU
		{5CFB81A0-22F9-4B7A-9143-0D1F6A9443B5}.Debug|Any CPU.ActiveCfg = Debug|Any CPU
		{5CFB81A0-22F9-4B7A-9143-0D1F6A9443B5}.Debug|Any CPU.Build.0 = Debug|Any CPU
		{5CFB81A0-22F9-4B7A-9143-0D1F6A9443B5}.Release|Any CPU.ActiveCfg = Release|Any CPU
		{5CFB81A0-22F9-4B7A-9143-0D1F6A9443B5}.Release|Any CPU.Build.0 = Release|Any CPU
		{8561875D-493A-4F3A-89D3-DD024AB92171}.Debug|Any CPU.ActiveCfg = Debug|Any CPU
		{8561875D-493A-4F3A-89D3-DD024AB92171}.Debug|Any CPU.Build.0 = Debug|Any CPU
		{8561875D-493A-4F3A-89D3-DD024AB92171}.Release|Any CPU.ActiveCfg = Release|Any CPU
		{8561875D-493A-4F3A-89D3-DD024AB92171}.Release|Any CPU.Build.0 = Release|Any CPU
	EndGlobalSection
	GlobalSection(SolutionProperties) = preSolution
		HideSolutionNode = FALSE
	EndGlobalSection
	GlobalSection(NestedProjects) = preSolution
		{8561875D-493A-4F3A-89D3-DD024AB92171} = {CB0C5633-9092-4038-AD16-CFA0556C859F}
	EndGlobalSection
EndGlobal
